// !$*UTF8*$!
{
	archiveVersion = 1;
	classes = {
	};
	objectVersion = 56;
	objects = {

/* Begin PBXBuildFile section */
		E2783FAD2AE0348C00CD804B /* AppDelegate.swift in Sources */ = {isa = PBXBuildFile; fileRef = E2783FAC2AE0348C00CD804B /* AppDelegate.swift */; };
		E2783FAF2AE0348C00CD804B /* SceneDelegate.swift in Sources */ = {isa = PBXBuildFile; fileRef = E2783FAE2AE0348C00CD804B /* SceneDelegate.swift */; };
		E2783FB12AE0348C00CD804B /* ViewController.swift in Sources */ = {isa = PBXBuildFile; fileRef = E2783FB02AE0348C00CD804B /* ViewController.swift */; };
		E2783FB42AE0348C00CD804B /* Main.storyboard in Resources */ = {isa = PBXBuildFile; fileRef = E2783FB22AE0348C00CD804B /* Main.storyboard */; };
		E2783FB62AE0348E00CD804B /* Assets.xcassets in Resources */ = {isa = PBXBuildFile; fileRef = E2783FB52AE0348E00CD804B /* Assets.xcassets */; };
		E2783FB92AE0348E00CD804B /* LaunchScreen.storyboard in Resources */ = {isa = PBXBuildFile; fileRef = E2783FB72AE0348E00CD804B /* LaunchScreen.storyboard */; };
		E2783FC42AE0348F00CD804B /* QuizTests.swift in Sources */ = {isa = PBXBuildFile; fileRef = E2783FC32AE0348F00CD804B /* QuizTests.swift */; };
		E2783FCE2AE0348F00CD804B /* QuizUITests.swift in Sources */ = {isa = PBXBuildFile; fileRef = E2783FCD2AE0348F00CD804B /* QuizUITests.swift */; };
		E2783FD02AE0348F00CD804B /* QuizUITestsLaunchTests.swift in Sources */ = {isa = PBXBuildFile; fileRef = E2783FCF2AE0348F00CD804B /* QuizUITestsLaunchTests.swift */; };
/* End PBXBuildFile section */

/* Begin PBXContainerItemProxy section */
		E2783FC02AE0348F00CD804B /* PBXContainerItemProxy */ = {
			isa = PBXContainerItemProxy;
			containerPortal = E2783FA12AE0348B00CD804B /* Project object */;
			proxyType = 1;
			remoteGlobalIDString = E2783FA82AE0348C00CD804B;
			remoteInfo = Quiz;
		};
		E2783FCA2AE0348F00CD804B /* PBXContainerItemProxy */ = {
			isa = PBXContainerItemProxy;
			containerPortal = E2783FA12AE0348B00CD804B /* Project object */;
			proxyType = 1;
			remoteGlobalIDString = E2783FA82AE0348C00CD804B;
			remoteInfo = Quiz;
		};
/* End PBXContainerItemProxy section */

/* Begin PBXFileReference section */
		E2783FA92AE0348C00CD804B /* Quiz.app */ = {isa = PBXFileReference; explicitFileType = wrapper.application; includeInIndex = 0; path = Quiz.app; sourceTree = BUILT_PRODUCTS_DIR; };
		E2783FAC2AE0348C00CD804B /* AppDelegate.swift */ = {isa = PBXFileReference; lastKnownFileType = sourcecode.swift; path = AppDelegate.swift; sourceTree = "<group>"; };
		E2783FAE2AE0348C00CD804B /* SceneDelegate.swift */ = {isa = PBXFileReference; lastKnownFileType = sourcecode.swift; path = SceneDelegate.swift; sourceTree = "<group>"; };
		E2783FB02AE0348C00CD804B /* ViewController.swift */ = {isa = PBXFileReference; lastKnownFileType = sourcecode.swift; path = ViewController.swift; sourceTree = "<group>"; };
		E2783FB32AE0348C00CD804B /* Base */ = {isa = PBXFileReference; lastKnownFileType = file.storyboard; name = Base; path = Base.lproj/Main.storyboard; sourceTree = "<group>"; };
		E2783FB52AE0348E00CD804B /* Assets.xcassets */ = {isa = PBXFileReference; lastKnownFileType = folder.assetcatalog; path = Assets.xcassets; sourceTree = "<group>"; };
		E2783FB82AE0348E00CD804B /* Base */ = {isa = PBXFileReference; lastKnownFileType = file.storyboard; name = Base; path = Base.lproj/LaunchScreen.storyboard; sourceTree = "<group>"; };
		E2783FBA2AE0348E00CD804B /* Info.plist */ = {isa = PBXFileReference; lastKnownFileType = text.plist.xml; path = Info.plist; sourceTree = "<group>"; };
		E2783FBF2AE0348F00CD804B /* QuizTests.xctest */ = {isa = PBXFileReference; explicitFileType = wrapper.cfbundle; includeInIndex = 0; path = QuizTests.xctest; sourceTree = BUILT_PRODUCTS_DIR; };
		E2783FC32AE0348F00CD804B /* QuizTests.swift */ = {isa = PBXFileReference; lastKnownFileType = sourcecode.swift; path = QuizTests.swift; sourceTree = "<group>"; };
		E2783FC92AE0348F00CD804B /* QuizUITests.xctest */ = {isa = PBXFileReference; explicitFileType = wrapper.cfbundle; includeInIndex = 0; path = QuizUITests.xctest; sourceTree = BUILT_PRODUCTS_DIR; };
		E2783FCD2AE0348F00CD804B /* QuizUITests.swift */ = {isa = PBXFileReference; lastKnownFileType = sourcecode.swift; path = QuizUITests.swift; sourceTree = "<group>"; };
		E2783FCF2AE0348F00CD804B /* QuizUITestsLaunchTests.swift */ = {isa = PBXFileReference; lastKnownFileType = sourcecode.swift; path = QuizUITestsLaunchTests.swift; sourceTree = "<group>"; };
/* End PBXFileReference section */

/* Begin PBXFrameworksBuildPhase section */
		E2783FA62AE0348C00CD804B /* Frameworks */ = {
			isa = PBXFrameworksBuildPhase;
			buildActionMask = 2147483647;
			files = (
			);
			runOnlyForDeploymentPostprocessing = 0;
		};
		E2783FBC2AE0348F00CD804B /* Frameworks */ = {
			isa = PBXFrameworksBuildPhase;
			buildActionMask = 2147483647;
			files = (
			);
			runOnlyForDeploymentPostprocessing = 0;
		};
		E2783FC62AE0348F00CD804B /* Frameworks */ = {
			isa = PBXFrameworksBuildPhase;
			buildActionMask = 2147483647;
			files = (
			);
			runOnlyForDeploymentPostprocessing = 0;
		};
/* End PBXFrameworksBuildPhase section */

/* Begin PBXGroup section */
		E2783FA02AE0348B00CD804B = {
			isa = PBXGroup;
			children = (
				E2783FAB2AE0348C00CD804B /* Quiz */,
				E2783FC22AE0348F00CD804B /* QuizTests */,
				E2783FCC2AE0348F00CD804B /* QuizUITests */,
				E2783FAA2AE0348C00CD804B /* Products */,
			);
			sourceTree = "<group>";
		};
		E2783FAA2AE0348C00CD804B /* Products */ = {
			isa = PBXGroup;
			children = (
				E2783FA92AE0348C00CD804B /* Quiz.app */,
				E2783FBF2AE0348F00CD804B /* QuizTests.xctest */,
				E2783FC92AE0348F00CD804B /* QuizUITests.xctest */,
			);
			name = Products;
			sourceTree = "<group>";
		};
		E2783FAB2AE0348C00CD804B /* Quiz */ = {
			isa = PBXGroup;
			children = (
				E2783FAC2AE0348C00CD804B /* AppDelegate.swift */,
				E2783FAE2AE0348C00CD804B /* SceneDelegate.swift */,
				E2783FB02AE0348C00CD804B /* ViewController.swift */,
				E2783FB22AE0348C00CD804B /* Main.storyboard */,
				E2783FB52AE0348E00CD804B /* Assets.xcassets */,
				E2783FB72AE0348E00CD804B /* LaunchScreen.storyboard */,
				E2783FBA2AE0348E00CD804B /* Info.plist */,
			);
			path = Quiz;
			sourceTree = "<group>";
		};
		E2783FC22AE0348F00CD804B /* QuizTests */ = {
			isa = PBXGroup;
			children = (
				E2783FC32AE0348F00CD804B /* QuizTests.swift */,
			);
			path = QuizTests;
			sourceTree = "<group>";
		};
		E2783FCC2AE0348F00CD804B /* QuizUITests */ = {
			isa = PBXGroup;
			children = (
				E2783FCD2AE0348F00CD804B /* QuizUITests.swift */,
				E2783FCF2AE0348F00CD804B /* QuizUITestsLaunchTests.swift */,
			);
			path = QuizUITests;
			sourceTree = "<group>";
		};
/* End PBXGroup section */

/* Begin PBXNativeTarget section */
		E2783FA82AE0348C00CD804B /* Quiz */ = {
			isa = PBXNativeTarget;
			buildConfigurationList = E2783FD32AE0348F00CD804B /* Build configuration list for PBXNativeTarget "Quiz" */;
			buildPhases = (
				E2783FA52AE0348C00CD804B /* Sources */,
				E2783FA62AE0348C00CD804B /* Frameworks */,
				E2783FA72AE0348C00CD804B /* Resources */,
			);
			buildRules = (
			);
			dependencies = (
			);
			name = Quiz;
			productName = Quiz;
			productReference = E2783FA92AE0348C00CD804B /* Quiz.app */;
			productType = "com.apple.product-type.application";
		};
		E2783FBE2AE0348F00CD804B /* QuizTests */ = {
			isa = PBXNativeTarget;
			buildConfigurationList = E2783FD62AE0348F00CD804B /* Build configuration list for PBXNativeTarget "QuizTests" */;
			buildPhases = (
				E2783FBB2AE0348F00CD804B /* Sources */,
				E2783FBC2AE0348F00CD804B /* Frameworks */,
				E2783FBD2AE0348F00CD804B /* Resources */,
			);
			buildRules = (
			);
			dependencies = (
				E2783FC12AE0348F00CD804B /* PBXTargetDependency */,
			);
			name = QuizTests;
			productName = QuizTests;
			productReference = E2783FBF2AE0348F00CD804B /* QuizTests.xctest */;
			productType = "com.apple.product-type.bundle.unit-test";
		};
		E2783FC82AE0348F00CD804B /* QuizUITests */ = {
			isa = PBXNativeTarget;
			buildConfigurationList = E2783FD92AE0348F00CD804B /* Build configuration list for PBXNativeTarget "QuizUITests" */;
			buildPhases = (
				E2783FC52AE0348F00CD804B /* Sources */,
				E2783FC62AE0348F00CD804B /* Frameworks */,
				E2783FC72AE0348F00CD804B /* Resources */,
			);
			buildRules = (
			);
			dependencies = (
				E2783FCB2AE0348F00CD804B /* PBXTargetDependency */,
			);
			name = QuizUITests;
			productName = QuizUITests;
			productReference = E2783FC92AE0348F00CD804B /* QuizUITests.xctest */;
			productType = "com.apple.product-type.bundle.ui-testing";
		};
/* End PBXNativeTarget section */

/* Begin PBXProject section */
		E2783FA12AE0348B00CD804B /* Project object */ = {
			isa = PBXProject;
			attributes = {
				BuildIndependentTargetsInParallel = 1;
				LastSwiftUpdateCheck = 1500;
				LastUpgradeCheck = 1500;
				TargetAttributes = {
					E2783FA82AE0348C00CD804B = {
						CreatedOnToolsVersion = 15.0;
					};
					E2783FBE2AE0348F00CD804B = {
						CreatedOnToolsVersion = 15.0;
						TestTargetID = E2783FA82AE0348C00CD804B;
					};
					E2783FC82AE0348F00CD804B = {
						CreatedOnToolsVersion = 15.0;
						TestTargetID = E2783FA82AE0348C00CD804B;
					};
				};
			};
			buildConfigurationList = E2783FA42AE0348B00CD804B /* Build configuration list for PBXProject "Quiz" */;
			compatibilityVersion = "Xcode 14.0";
			developmentRegion = en;
			hasScannedForEncodings = 0;
			knownRegions = (
				en,
				Base,
			);
			mainGroup = E2783FA02AE0348B00CD804B;
			productRefGroup = E2783FAA2AE0348C00CD804B /* Products */;
			projectDirPath = "";
			projectRoot = "";
			targets = (
				E2783FA82AE0348C00CD804B /* Quiz */,
				E2783FBE2AE0348F00CD804B /* QuizTests */,
				E2783FC82AE0348F00CD804B /* QuizUITests */,
			);
		};
/* End PBXProject section */

/* Begin PBXResourcesBuildPhase section */
		E2783FA72AE0348C00CD804B /* Resources */ = {
			isa = PBXResourcesBuildPhase;
			buildActionMask = 2147483647;
			files = (
				E2783FB92AE0348E00CD804B /* LaunchScreen.storyboard in Resources */,
				E2783FB62AE0348E00CD804B /* Assets.xcassets in Resources */,
				E2783FB42AE0348C00CD804B /* Main.storyboard in Resources */,
			);
			runOnlyForDeploymentPostprocessing = 0;
		};
		E2783FBD2AE0348F00CD804B /* Resources */ = {
			isa = PBXResourcesBuildPhase;
			buildActionMask = 2147483647;
			files = (
			);
			runOnlyForDeploymentPostprocessing = 0;
		};
		E2783FC72AE0348F00CD804B /* Resources */ = {
			isa = PBXResourcesBuildPhase;
			buildActionMask = 2147483647;
			files = (
			);
			runOnlyForDeploymentPostprocessing = 0;
		};
/* End PBXResourcesBuildPhase section */

/* Begin PBXSourcesBuildPhase section */
		E2783FA52AE0348C00CD804B /* Sources */ = {
			isa = PBXSourcesBuildPhase;
			buildActionMask = 2147483647;
			files = (
				E2783FB12AE0348C00CD804B /* ViewController.swift in Sources */,
				E2783FAD2AE0348C00CD804B /* AppDelegate.swift in Sources */,
				E2783FAF2AE0348C00CD804B /* SceneDelegate.swift in Sources */,
			);
			runOnlyForDeploymentPostprocessing = 0;
		};
		E2783FBB2AE0348F00CD804B /* Sources */ = {
			isa = PBXSourcesBuildPhase;
			buildActionMask = 2147483647;
			files = (
				E2783FC42AE0348F00CD804B /* QuizTests.swift in Sources */,
			);
			runOnlyForDeploymentPostprocessing = 0;
		};
		E2783FC52AE0348F00CD804B /* Sources */ = {
			isa = PBXSourcesBuildPhase;
			buildActionMask = 2147483647;
			files = (
				E2783FCE2AE0348F00CD804B /* QuizUITests.swift in Sources */,
				E2783FD02AE0348F00CD804B /* QuizUITestsLaunchTests.swift in Sources */,
			);
			runOnlyForDeploymentPostprocessing = 0;
		};
/* End PBXSourcesBuildPhase section */

/* Begin PBXTargetDependency section */
		E2783FC12AE0348F00CD804B /* PBXTargetDependency */ = {
			isa = PBXTargetDependency;
			target = E2783FA82AE0348C00CD804B /* Quiz */;
			targetProxy = E2783FC02AE0348F00CD804B /* PBXContainerItemProxy */;
		};
		E2783FCB2AE0348F00CD804B /* PBXTargetDependency */ = {
			isa = PBXTargetDependency;
			target = E2783FA82AE0348C00CD804B /* Quiz */;
			targetProxy = E2783FCA2AE0348F00CD804B /* PBXContainerItemProxy */;
		};
/* End PBXTargetDependency section */

/* Begin PBXVariantGroup section */
		E2783FB22AE0348C00CD804B /* Main.storyboard */ = {
			isa = PBXVariantGroup;
			children = (
				E2783FB32AE0348C00CD804B /* Base */,
			);
			name = Main.storyboard;
			sourceTree = "<group>";
		};
		E2783FB72AE0348E00CD804B /* LaunchScreen.storyboard */ = {
			isa = PBXVariantGroup;
			children = (
				E2783FB82AE0348E00CD804B /* Base */,
			);
			name = LaunchScreen.storyboard;
			sourceTree = "<group>";
		};
/* End PBXVariantGroup section */

/* Begin XCBuildConfiguration section */
		E2783FD12AE0348F00CD804B /* Debug */ = {
			isa = XCBuildConfiguration;
			buildSettings = {
				ALWAYS_SEARCH_USER_PATHS = NO;
				ASSETCATALOG_COMPILER_GENERATE_SWIFT_ASSET_SYMBOL_EXTENSIONS = YES;
				CLANG_ANALYZER_NONNULL = YES;
				CLANG_ANALYZER_NUMBER_OBJECT_CONVERSION = YES_AGGRESSIVE;
				CLANG_CXX_LANGUAGE_STANDARD = "gnu++20";
				CLANG_ENABLE_MODULES = YES;
				CLANG_ENABLE_OBJC_ARC = YES;
				CLANG_ENABLE_OBJC_WEAK = YES;
				CLANG_WARN_BLOCK_CAPTURE_AUTORELEASING = YES;
				CLANG_WARN_BOOL_CONVERSION = YES;
				CLANG_WARN_COMMA = YES;
				CLANG_WARN_CONSTANT_CONVERSION = YES;
				CLANG_WARN_DEPRECATED_OBJC_IMPLEMENTATIONS = YES;
				CLANG_WARN_DIRECT_OBJC_ISA_USAGE = YES_ERROR;
				CLANG_WARN_DOCUMENTATION_COMMENTS = YES;
				CLANG_WARN_EMPTY_BODY = YES;
				CLANG_WARN_ENUM_CONVERSION = YES;
				CLANG_WARN_INFINITE_RECURSION = YES;
				CLANG_WARN_INT_CONVERSION = YES;
				CLANG_WARN_NON_LITERAL_NULL_CONVERSION = YES;
				CLANG_WARN_OBJC_IMPLICIT_RETAIN_SELF = YES;
				CLANG_WARN_OBJC_LITERAL_CONVERSION = YES;
				CLANG_WARN_OBJC_ROOT_CLASS = YES_ERROR;
				CLANG_WARN_QUOTED_INCLUDE_IN_FRAMEWORK_HEADER = YES;
				CLANG_WARN_RANGE_LOOP_ANALYSIS = YES;
				CLANG_WARN_STRICT_PROTOTYPES = YES;
				CLANG_WARN_SUSPICIOUS_MOVE = YES;
				CLANG_WARN_UNGUARDED_AVAILABILITY = YES_AGGRESSIVE;
				CLANG_WARN_UNREACHABLE_CODE = YES;
				CLANG_WARN__DUPLICATE_METHOD_MATCH = YES;
				COPY_PHASE_STRIP = NO;
				DEBUG_INFORMATION_FORMAT = dwarf;
				ENABLE_STRICT_OBJC_MSGSEND = YES;
				ENABLE_TESTABILITY = YES;
				ENABLE_USER_SCRIPT_SANDBOXING = YES;
				GCC_C_LANGUAGE_STANDARD = gnu17;
				GCC_DYNAMIC_NO_PIC = NO;
				GCC_NO_COMMON_BLOCKS = YES;
				GCC_OPTIMIZATION_LEVEL = 0;
				GCC_PREPROCESSOR_DEFINITIONS = (
					"DEBUG=1",
					"$(inherited)",
				);
				GCC_WARN_64_TO_32_BIT_CONVERSION = YES;
				GCC_WARN_ABOUT_RETURN_TYPE = YES_ERROR;
				GCC_WARN_UNDECLARED_SELECTOR = YES;
				GCC_WARN_UNINITIALIZED_AUTOS = YES_AGGRESSIVE;
				GCC_WARN_UNUSED_FUNCTION = YES;
				GCC_WARN_UNUSED_VARIABLE = YES;
				IPHONEOS_DEPLOYMENT_TARGET = 17.0;
				LOCALIZATION_PREFERS_STRING_CATALOGS = YES;
				MTL_ENABLE_DEBUG_INFO = INCLUDE_SOURCE;
				MTL_FAST_MATH = YES;
				ONLY_ACTIVE_ARCH = YES;
				SDKROOT = iphoneos;
				SWIFT_ACTIVE_COMPILATION_CONDITIONS = "DEBUG $(inherited)";
				SWIFT_OPTIMIZATION_LEVEL = "-Onone";
			};
			name = Debug;
		};
		E2783FD22AE0348F00CD804B /* Release */ = {
			isa = XCBuildConfiguration;
			buildSettings = {
				ALWAYS_SEARCH_USER_PATHS = NO;
				ASSETCATALOG_COMPILER_GENERATE_SWIFT_ASSET_SYMBOL_EXTENSIONS = YES;
				CLANG_ANALYZER_NONNULL = YES;
				CLANG_ANALYZER_NUMBER_OBJECT_CONVERSION = YES_AGGRESSIVE;
				CLANG_CXX_LANGUAGE_STANDARD = "gnu++20";
				CLANG_ENABLE_MODULES = YES;
				CLANG_ENABLE_OBJC_ARC = YES;
				CLANG_ENABLE_OBJC_WEAK = YES;
				CLANG_WARN_BLOCK_CAPTURE_AUTORELEASING = YES;
				CLANG_WARN_BOOL_CONVERSION = YES;
				CLANG_WARN_COMMA = YES;
				CLANG_WARN_CONSTANT_CONVERSION = YES;
				CLANG_WARN_DEPRECATED_OBJC_IMPLEMENTATIONS = YES;
				CLANG_WARN_DIRECT_OBJC_ISA_USAGE = YES_ERROR;
				CLANG_WARN_DOCUMENTATION_COMMENTS = YES;
				CLANG_WARN_EMPTY_BODY = YES;
				CLANG_WARN_ENUM_CONVERSION = YES;
				CLANG_WARN_INFINITE_RECURSION = YES;
				CLANG_WARN_INT_CONVERSION = YES;
				CLANG_WARN_NON_LITERAL_NULL_CONVERSION = YES;
				CLANG_WARN_OBJC_IMPLICIT_RETAIN_SELF = YES;
				CLANG_WARN_OBJC_LITERAL_CONVERSION = YES;
				CLANG_WARN_OBJC_ROOT_CLASS = YES_ERROR;
				CLANG_WARN_QUOTED_INCLUDE_IN_FRAMEWORK_HEADER = YES;
				CLANG_WARN_RANGE_LOOP_ANALYSIS = YES;
				CLANG_WARN_STRICT_PROTOTYPES = YES;
				CLANG_WARN_SUSPICIOUS_MOVE = YES;
				CLANG_WARN_UNGUARDED_AVAILABILITY = YES_AGGRESSIVE;
				CLANG_WARN_UNREACHABLE_CODE = YES;
				CLANG_WARN__DUPLICATE_METHOD_MATCH = YES;
				COPY_PHASE_STRIP = NO;
				DEBUG_INFORMATION_FORMAT = "dwarf-with-dsym";
				ENABLE_NS_ASSERTIONS = NO;
				ENABLE_STRICT_OBJC_MSGSEND = YES;
				ENABLE_USER_SCRIPT_SANDBOXING = YES;
				GCC_C_LANGUAGE_STANDARD = gnu17;
				GCC_NO_COMMON_BLOCKS = YES;
				GCC_WARN_64_TO_32_BIT_CONVERSION = YES;
				GCC_WARN_ABOUT_RETURN_TYPE = YES_ERROR;
				GCC_WARN_UNDECLARED_SELECTOR = YES;
				GCC_WARN_UNINITIALIZED_AUTOS = YES_AGGRESSIVE;
				GCC_WARN_UNUSED_FUNCTION = YES;
				GCC_WARN_UNUSED_VARIABLE = YES;
				IPHONEOS_DEPLOYMENT_TARGET = 17.0;
				LOCALIZATION_PREFERS_STRING_CATALOGS = YES;
				MTL_ENABLE_DEBUG_INFO = NO;
				MTL_FAST_MATH = YES;
				SDKROOT = iphoneos;
				SWIFT_COMPILATION_MODE = wholemodule;
				VALIDATE_PRODUCT = YES;
			};
			name = Release;
		};
		E2783FD42AE0348F00CD804B /* Debug */ = {
			isa = XCBuildConfiguration;
			buildSettings = {
				ASSETCATALOG_COMPILER_APPICON_NAME = AppIcon;
				ASSETCATALOG_COMPILER_GLOBAL_ACCENT_COLOR_NAME = AccentColor;
				CODE_SIGN_STYLE = Automatic;
				CURRENT_PROJECT_VERSION = 1;
				GENERATE_INFOPLIST_FILE = YES;
				INFOPLIST_FILE = Quiz/Info.plist;
				INFOPLIST_KEY_UIApplicationSupportsIndirectInputEvents = YES;
				INFOPLIST_KEY_UILaunchStoryboardName = Main.storyboard;
				INFOPLIST_KEY_UIMainStoryboardFile = Main;
				INFOPLIST_KEY_UISupportedInterfaceOrientations_iPad = "UIInterfaceOrientationPortrait UIInterfaceOrientationPortraitUpsideDown UIInterfaceOrientationLandscapeLeft UIInterfaceOrientationLandscapeRight";
				INFOPLIST_KEY_UISupportedInterfaceOrientations_iPhone = "UIInterfaceOrientationPortrait UIInterfaceOrientationLandscapeLeft UIInterfaceOrientationLandscapeRight";
				LD_RUNPATH_SEARCH_PATHS = (
					"$(inherited)",
					"@executable_path/Frameworks",
				);
				MARKETING_VERSION = 1.0;
				PRODUCT_BUNDLE_IDENTIFIER = myown.Quiz;
				PRODUCT_NAME = "$(TARGET_NAME)";
				SWIFT_EMIT_LOC_STRINGS = YES;
				SWIFT_VERSION = 5.0;
				TARGETED_DEVICE_FAMILY = "1,2";
			};
			name = Debug;
		};
		E2783FD52AE0348F00CD804B /* Release */ = {
			isa = XCBuildConfiguration;
			buildSettings = {
				ASSETCATALOG_COMPILER_APPICON_NAME = AppIcon;
				ASSETCATALOG_COMPILER_GLOBAL_ACCENT_COLOR_NAME = AccentColor;
				CODE_SIGN_STYLE = Automatic;
				CURRENT_PROJECT_VERSION = 1;
				GENERATE_INFOPLIST_FILE = YES;
				INFOPLIST_FILE = Quiz/Info.plist;
				INFOPLIST_KEY_UIApplicationSupportsIndirectInputEvents = YES;
				INFOPLIST_KEY_UILaunchStoryboardName = Main.storyboard;
				INFOPLIST_KEY_UIMainStoryboardFile = Main;
				INFOPLIST_KEY_UISupportedInterfaceOrientations_iPad = "UIInterfaceOrientationPortrait UIInterfaceOrientationPortraitUpsideDown UIInterfaceOrientationLandscapeLeft UIInterfaceOrientationLandscapeRight";
				INFOPLIST_KEY_UISupportedInterfaceOrientations_iPhone = "UIInterfaceOrientationPortrait UIInterfaceOrientationLandscapeLeft UIInterfaceOrientationLandscapeRight";
				LD_RUNPATH_SEARCH_PATHS = (
					"$(inherited)",
					"@executable_path/Frameworks",
				);
				MARKETING_VERSION = 1.0;
				PRODUCT_BUNDLE_IDENTIFIER = myown.Quiz;
				PRODUCT_NAME = "$(TARGET_NAME)";
				SWIFT_EMIT_LOC_STRINGS = YES;
				SWIFT_VERSION = 5.0;
				TARGETED_DEVICE_FAMILY = "1,2";
			};
			name = Release;
		};
		E2783FD72AE0348F00CD804B /* Debug */ = {
			isa = XCBuildConfiguration;
			buildSettings = {
				ALWAYS_EMBED_SWIFT_STANDARD_LIBRARIES = YES;
				BUNDLE_LOADER = "$(TEST_HOST)";
				CODE_SIGN_STYLE = Automatic;
				CURRENT_PROJECT_VERSION = 1;
				GENERATE_INFOPLIST_FILE = YES;
				IPHONEOS_DEPLOYMENT_TARGET = 17.0;
				MARKETING_VERSION = 1.0;
				PRODUCT_BUNDLE_IDENTIFIER = myown.QuizTests;
				PRODUCT_NAME = "$(TARGET_NAME)";
				SWIFT_EMIT_LOC_STRINGS = NO;
				SWIFT_VERSION = 5.0;
				TARGETED_DEVICE_FAMILY = "1,2";
				TEST_HOST = "$(BUILT_PRODUCTS_DIR)/Quiz.app/$(BUNDLE_EXECUTABLE_FOLDER_PATH)/Quiz";
			};
			name = Debug;
		};
		E2783FD82AE0348F00CD804B /* Release */ = {
			isa = XCBuildConfiguration;
			buildSettings = {
				ALWAYS_EMBED_SWIFT_STANDARD_LIBRARIES = YES;
				BUNDLE_LOADER = "$(TEST_HOST)";
				CODE_SIGN_STYLE = Automatic;
				CURRENT_PROJECT_VERSION = 1;
				GENERATE_INFOPLIST_FILE = YES;
				IPHONEOS_DEPLOYMENT_TARGET = 17.0;
				MARKETING_VERSION = 1.0;
				PRODUCT_BUNDLE_IDENTIFIER = myown.QuizTests;
				PRODUCT_NAME = "$(TARGET_NAME)";
				SWIFT_EMIT_LOC_STRINGS = NO;
				SWIFT_VERSION = 5.0;
				TARGETED_DEVICE_FAMILY = "1,2";
				TEST_HOST = "$(BUILT_PRODUCTS_DIR)/Quiz.app/$(BUNDLE_EXECUTABLE_FOLDER_PATH)/Quiz";
			};
			name = Release;
		};
		E2783FDA2AE0348F00CD804B /* Debug */ = {
			isa = XCBuildConfiguration;
			buildSettings = {
				ALWAYS_EMBED_SWIFT_STANDARD_LIBRARIES = YES;
				CODE_SIGN_STYLE = Automatic;
				CURRENT_PROJECT_VERSION = 1;
				GENERATE_INFOPLIST_FILE = YES;
				MARKETING_VERSION = 1.0;
				PRODUCT_BUNDLE_IDENTIFIER = myown.QuizUITests;
				PRODUCT_NAME = "$(TARGET_NAME)";
				SWIFT_EMIT_LOC_STRINGS = NO;
				SWIFT_VERSION = 5.0;
				TARGETED_DEVICE_FAMILY = "1,2";
				TEST_TARGET_NAME = Quiz;
			};
			name = Debug;
		};
		E2783FDB2AE0348F00CD804B /* Release */ = {
			isa = XCBuildConfiguration;
			buildSettings = {
				ALWAYS_EMBED_SWIFT_STANDARD_LIBRARIES = YES;
				CODE_SIGN_STYLE = Automatic;
				CURRENT_PROJECT_VERSION = 1;
				GENERATE_INFOPLIST_FILE = YES;
				MARKETING_VERSION = 1.0;
				PRODUCT_BUNDLE_IDENTIFIER = myown.QuizUITests;
				PRODUCT_NAME = "$(TARGET_NAME)";
				SWIFT_EMIT_LOC_STRINGS = NO;
				SWIFT_VERSION = 5.0;
				TARGETED_DEVICE_FAMILY = "1,2";
				TEST_TARGET_NAME = Quiz;
			};
			name = Release;
		};
/* End XCBuildConfiguration section */

/* Begin XCConfigurationList section */
		E2783FA42AE0348B00CD804B /* Build configuration list for PBXProject "Quiz" */ = {
			isa = XCConfigurationList;
			buildConfigurations = (
				E2783FD12AE0348F00CD804B /* Debug */,
				E2783FD22AE0348F00CD804B /* Release */,
			);
			defaultConfigurationIsVisible = 0;
			defaultConfigurationName = Release;
		};
		E2783FD32AE0348F00CD804B /* Build configuration list for PBXNativeTarget "Quiz" */ = {
			isa = XCConfigurationList;
			buildConfigurations = (
				E2783FD42AE0348F00CD804B /* Debug */,
				E2783FD52AE0348F00CD804B /* Release */,
			);
			defaultConfigurationIsVisible = 0;
			defaultConfigurationName = Release;
		};
		E2783FD62AE0348F00CD804B /* Build configuration list for PBXNativeTarget "QuizTests" */ = {
			isa = XCConfigurationList;
			buildConfigurations = (
				E2783FD72AE0348F00CD804B /* Debug */,
				E2783FD82AE0348F00CD804B /* Release */,
			);
			defaultConfigurationIsVisible = 0;
			defaultConfigurationName = Release;
		};
		E2783FD92AE0348F00CD804B /* Build configuration list for PBXNativeTarget "QuizUITests" */ = {
			isa = XCConfigurationList;
			buildConfigurations = (
				E2783FDA2AE0348F00CD804B /* Debug */,
				E2783FDB2AE0348F00CD804B /* Release */,
			);
			defaultConfigurationIsVisible = 0;
			defaultConfigurationName = Release;
		};
/* End XCConfigurationList section */
	};
	rootObject = E2783FA12AE0348B00CD804B /* Project object */;
}
